
Microsoft Visual Studio Solution File, Format Version 12.00
# Visual Studio Version 16
VisualStudioVersion = 16.0.30413.136
MinimumVisualStudioVersion = 10.0.40219.1
Project("{FAE04EC0-301F-11D3-BF4B-00C04F79EFBC}") = "GMap_Load_DataSet", "GMap_Load_DataSet\GMap_Load_DataSet.csproj", "{FD583A86-3674-4180-8435-EC20012F9B0E}"
EndProject
Global
	GlobalSection(SolutionConfigurationPlatforms) = preSolution
		Debug|Any CPU = Debug|Any CPU
		Release|Any CPU = Release|Any CPU
	EndGlobalSection
	GlobalSection(ProjectConfigurationPlatforms) = postSolution
		{FD583A86-3674-4180-8435-EC20012F9B0E}.Debug|Any CPU.ActiveCfg = Debug|Any CPU
		{FD583A86-3674-4180-8435-EC20012F9B0E}.Debug|Any CPU.Build.0 = Debug|Any CPU
		{FD583A86-3674-4180-8435-EC20012F9B0E}.Release|Any CPU.ActiveCfg = Release|Any CPU
		{FD583A86-3674-4180-8435-EC20012F9B0E}.Release|Any CPU.Build.0 = Release|Any CPU
	EndGlobalSection
	GlobalSection(SolutionProperties) = preSolution
		HideSolutionNode = FALSE
	EndGlobalSection
	GlobalSection(ExtensibilityGlobals) = postSolution
		SolutionGuid = {E03121A8-5ADB-4A54-BB8B-085F3B6D19F4}
	EndGlobalSection
EndGlobal
